# This file was autogenerated by Stack.
# You should not edit this file by hand.
# For more information, please see the documentation at:
#   https://docs.haskellstack.org/en/stable/lock_files

packages:
- completed:
    hackage: elsa-0.2.0.1@sha256:4ad5d01bef71971b70e2a7a60d1292f2fbd74b2ef68694e985bbad9108eaad15,2253
    pantry-tree:
      size: 761
      sha256: 87a0edc8d0971bcb4ba55dbb569f385c8e1f259ab0a551ef35cdcdc8d1f9f34d
  original:
    hackage: elsa-0.2.0.1
- completed:
    hackage: dequeue-0.1.12@sha256:547c2a71819dca0ae1bf7c15fb290b39f80d5d9a6f9985a06a1cb8645b578df2,855
    pantry-tree:
      size: 436
      sha256: ac0f83f7cf92d5858f9f3b1d61b9da52fa2918af8eebde1e0bc7bb652c2d3d99
  original:
    hackage: dequeue-0.1.12
- completed:
    hackage: clock-0.7.2@sha256:c5c2514aead260101c7528d10bf0f41d9d1d7b919136e2dff77a57ec16740bd2,3820
    pantry-tree:
      size: 387
      sha256: 53ac32a3a03f5bf9409617970725a09f0d249ff212c90b18050d4ade51c03f4d
  original:
    hackage: clock-0.7.2
snapshots:
- completed:
    size: 374147
    url: https://raw.githubusercontent.com/commercialhaskell/stackage-snapshots/master/lts/5/9.yaml
    sha256: e8a6502709d3873f860d2d058fe104a7910b2bedc71bd616727d85770c00384e
  original: lts-5.9
